
Microsoft Visual Studio Solution File, Format Version 12.00
# Visual Studio Version 16
VisualStudioVersion = 16.0.28803.352
MinimumVisualStudioVersion = 10.0.40219.1
Project("{00D1A9C2-B5F0-4AF3-8072-F6C62B433612}") = "MsDeployTest", "MsDeployTest.sqlproj", "{04A7F01E-8777-4CC2-88C6-A40C32CF32B0}"
EndProject
Global
	GlobalSection(SolutionConfigurationPlatforms) = preSolution
		Debug|Any CPU = Debug|Any CPU
		Release|Any CPU = Release|Any CPU
	EndGlobalSection
	GlobalSection(ProjectConfigurationPlatforms) = postSolution
		{04A7F01E-8777-4CC2-88C6-A40C32CF32B0}.Debug|Any CPU.ActiveCfg = Debug|Any CPU
		{04A7F01E-8777-4CC2-88C6-A40C32CF32B0}.Debug|Any CPU.Build.0 = Debug|Any CPU
		{04A7F01E-8777-4CC2-88C6-A40C32CF32B0}.Debug|Any CPU.Deploy.0 = Debug|Any CPU
		{04A7F01E-8777-4CC2-88C6-A40C32CF32B0}.Release|Any CPU.ActiveCfg = Release|Any CPU
		{04A7F01E-8777-4CC2-88C6-A40C32CF32B0}.Release|Any CPU.Build.0 = Release|Any CPU
		{04A7F01E-8777-4CC2-88C6-A40C32CF32B0}.Release|Any CPU.Deploy.0 = Release|Any CPU
	EndGlobalSection
	GlobalSection(SolutionProperties) = preSolution
		HideSolutionNode = FALSE
	EndGlobalSection
	GlobalSection(ExtensibilityGlobals) = postSolution
		SolutionGuid = {B3C52670-0BA6-48D5-B590-4C739F63D1C4}
	EndGlobalSection
EndGlobal
